
Microsoft Visual Studio Solution File, Format Version 12.00
# Visual Studio Version 17
VisualStudioVersion = 17.3.32819.101
MinimumVisualStudioVersion = 10.0.40219.1
Project("{F184B08F-C81C-45F6-A57F-5ABD9991F28F}") = "Lector PDF", "Lector PDF\Lector PDF.vbproj", "{A4D97318-0E98-43A4-96AF-415EF8CB5A71}"
EndProject
Global
	GlobalSection(SolutionConfigurationPlatforms) = preSolution
		Debug|Any CPU = Debug|Any CPU
		Release|Any CPU = Release|Any CPU
	EndGlobalSection
	GlobalSection(ProjectConfigurationPlatforms) = postSolution
		{A4D97318-0E98-43A4-96AF-415EF8CB5A71}.Debug|Any CPU.ActiveCfg = Debug|Any CPU
		{A4D97318-0E98-43A4-96AF-415EF8CB5A71}.Debug|Any CPU.Build.0 = Debug|Any CPU
		{A4D97318-0E98-43A4-96AF-415EF8CB5A71}.Release|Any CPU.ActiveCfg = Release|Any CPU
		{A4D97318-0E98-43A4-96AF-415EF8CB5A71}.Release|Any CPU.Build.0 = Release|Any CPU
	EndGlobalSection
	GlobalSection(SolutionProperties) = preSolution
		HideSolutionNode = FALSE
	EndGlobalSection
	GlobalSection(ExtensibilityGlobals) = postSolution
		SolutionGuid = {A6044A39-7EB1-4A73-A751-9E7FCAD66DE9}
	EndGlobalSection
EndGlobal
